// !$*UTF8*$!
{
	archiveVersion = 1;
	classes = {
	};
	objectVersion = 56;
	objects = {

/* Begin PBXBuildFile section */
		006331BFD72E50EABCF57081 /* Constants.swift in Sources */ = {isa = PBXBuildFile; fileRef = 119A2370E5887CCCCB11F738 /* Constants.swift */; };
		04F2EAB1BA29D4246912197C /* User.swift in Sources */ = {isa = PBXBuildFile; fileRef = F9FA70990002ADDF814B5042 /* User.swift */; };
		0702EE93C254FC6D3CE989C2 /* Mission.swift in Sources */ = {isa = PBXBuildFile; fileRef = 4EB8E893656B915E2B723445 /* Mission.swift */; };
		070D6F541D58C94BC971BB01 /* CameraService.swift in Sources */ = {isa = PBXBuildFile; fileRef = 632D8FBAD343E659F8A1820C /* CameraService.swift */; };
		0AA36FB6E684938ED0668278 /* LocationService.swift in Sources */ = {isa = PBXBuildFile; fileRef = 5944BFC41AFEA569273BCC93 /* LocationService.swift */; };
		9AF458FE2CB4E7672F1CC815 /* LandmarkSearchService.swift in Sources */ = {isa = PBXBuildFile; fileRef = F481ACB296ACC028BC35F5E6 /* LandmarkSearchService.swift */; };
		0B8A44CF258C4613787F0BD1 /* RouteNavigationView.swift in Sources */ = {isa = PBXBuildFile; fileRef = 57550143F494483CFD8F89C2 /* RouteNavigationView.swift */; };
		116BFF320F044C9A92819995 /* CharacterPortraitView.swift in Sources */ = {isa = PBXBuildFile; fileRef = AE469706EBBF490F8E81BE0B /* CharacterPortraitView.swift */; };
		14E7288DEEE7E2DA28B7683A /* HomeView.swift in Sources */ = {isa = PBXBuildFile; fileRef = BAC390F3BEC7C603CEF4CDDD /* HomeView.swift */; };
		151F27663DE9C9B2692443EC /* ActivityService.swift in Sources */ = {isa = PBXBuildFile; fileRef = 9DC1A6565F7151E22E03C1E5 /* ActivityService.swift */; };
		162D836C7C50E6AD190F4643 /* RootView.swift in Sources */ = {isa = PBXBuildFile; fileRef = 7657EE23CC8EEB739B6ECF6F /* RootView.swift */; };
		188FD41FAAC10B91973EBEFC /* RouteMapView.swift in Sources */ = {isa = PBXBuildFile; fileRef = FE9ABB7CEB99E0967019BE0D /* RouteMapView.swift */; };
		1D75DF4579A4E6E2EE1C136D /* AIChatView.swift in Sources */ = {isa = PBXBuildFile; fileRef = C6F29A4D95704283015D57EA /* AIChatView.swift */; };
		2A515B69200C5963E14EB432 /* PhotoMissionView.swift in Sources */ = {isa = PBXBuildFile; fileRef = 0C13609F7A76FA9BA498AA76 /* PhotoMissionView.swift */; };
		2F296EF03508BBD647723717 /* AIService.swift in Sources */ = {isa = PBXBuildFile; fileRef = FCCCBB3C5605F2EF5DF8F257 /* AIService.swift */; };
		30C2C73761BEAE5DA1826487 /* ActiveMissionView.swift in Sources */ = {isa = PBXBuildFile; fileRef = 67DD42335AC5DA8C7EA69C3D /* ActiveMissionView.swift */; };
		31BD86C17C911423A1407100 /* LoginView.swift in Sources */ = {isa = PBXBuildFile; fileRef = 4DFFDE8C71940E99700C64D7 /* LoginView.swift */; };
		32D990D7F88E1BB097FF01B8 /* AIViewModel.swift in Sources */ = {isa = PBXBuildFile; fileRef = E7675CBDD6F599240DDEE098 /* AIViewModel.swift */; };
		3615679A60D047AB3F67681A /* RouteNavigationViewModel.swift in Sources */ = {isa = PBXBuildFile; fileRef = DF70986B81B52DCD246AB5A3 /* RouteNavigationViewModel.swift */; };
		3B2CA971BCE867D74CA32344 /* CameraPreviewView.swift in Sources */ = {isa = PBXBuildFile; fileRef = 186A58546063834B36B869D8 /* CameraPreviewView.swift */; };
		3B5CEB0CAE487257BDDC1B83 /* OnboardingLoadingView.swift in Sources */ = {isa = PBXBuildFile; fileRef = F66A3EDDB98DE2159616B743 /* OnboardingLoadingView.swift */; };
		4178234C93046FAC11456127 /* SplashView.swift in Sources */ = {isa = PBXBuildFile; fileRef = 4C47CE076E02865157B24DC7 /* SplashView.swift */; };
		437C1E18152D947F81C8042F /* GameEvent.swift in Sources */ = {isa = PBXBuildFile; fileRef = 39A92527F5079DA02AF8BF8C /* GameEvent.swift */; };
		479DA02FB820FD004705C257 /* NavigationMapView.swift in Sources */ = {isa = PBXBuildFile; fileRef = 8A1F34EB7E2B7C2565F2BD9F /* NavigationMapView.swift */; };
		48C33DBC5F2D1F3388FB8167 /* EXPCalculator.swift in Sources */ = {isa = PBXBuildFile; fileRef = 21D5824B65AB2320894FD570 /* EXPCalculator.swift */; };
		4BB47A1FA6AAB2F2D88DFA91 /* CommunityDetailView.swift in Sources */ = {isa = PBXBuildFile; fileRef = 7110186AAA145C2596B61A81 /* CommunityDetailView.swift */; };
		51B161532FE45B9000BF83AA /* FirebaseAuth in Frameworks */ = {isa = PBXBuildFile; productRef = 51B161522FE45B9000BF83AA /* FirebaseAuth */; };
		51B161552FE45B9000BF83AA /* FirebaseFirestore in Frameworks */ = {isa = PBXBuildFile; productRef = 51B161542FE45B9000BF83AA /* FirebaseFirestore */; };
		51B1615B2FE4690B00BF83AA /* GoogleSignIn in Frameworks */ = {isa = PBXBuildFile; productRef = 51B1615A2FE4690B00BF83AA /* GoogleSignIn */; };
		532669D0673DEB011C847F3F /* RoutePreviewView.swift in Sources */ = {isa = PBXBuildFile; fileRef = 005F3BEDE4ED370C27B393DF /* RoutePreviewView.swift */; };
		7A6E5D0641EC44219AC0A5B7 /* TripPreviewView.swift in Sources */ = {isa = PBXBuildFile; fileRef = F31D3124AB2B4CB9A11B054A /* TripPreviewView.swift */; };
		5395F152268F467AA7F81385 /* EditProfileView.swift in Sources */ = {isa = PBXBuildFile; fileRef = 59EFB679F0D14B02BE37554A /* EditProfileView.swift */; };
		682E98EA1D3C9D4E225AB5EF /* LeaderboardEntry.swift in Sources */ = {isa = PBXBuildFile; fileRef = 21BB3729533A8A1F9E397EC2 /* LeaderboardEntry.swift */; };
		6984CC8F3108C4EDDECD237F /* MissionCompleteView.swift in Sources */ = {isa = PBXBuildFile; fileRef = 82DB732D7FAC9BCDB8F6A4F5 /* MissionCompleteView.swift */; };
		6D7C063C1E74F585B9627E06 /* PedometerService.swift in Sources */ = {isa = PBXBuildFile; fileRef = 5FF2C3F4BBAEE70AEF371BB8 /* PedometerService.swift */; };
		704EA28CCEB14472AE9CFB49 /* CommunityViewModel.swift in Sources */ = {isa = PBXBuildFile; fileRef = 33ECBC125DAD408AB6D6162A /* CommunityViewModel.swift */; };
		7A15CE2A45F84DA45595A535 /* MissionTracker.swift in Sources */ = {isa = PBXBuildFile; fileRef = 32229D6F7A08A0BE4235CF05 /* MissionTracker.swift */; };
		7B2A21634A06887946274DA5 /* LeaderboardRowView.swift in Sources */ = {isa = PBXBuildFile; fileRef = E785CF8C291ACE741704390F /* LeaderboardRowView.swift */; };
		888562102ACCC6B9D26BAB2D /* MainTabView.swift in Sources */ = {isa = PBXBuildFile; fileRef = 72EE03271385CD5012F5B720 /* MainTabView.swift */; };
		8B7275DA5B5E18067BE612DD /* Community.swift in Sources */ = {isa = PBXBuildFile; fileRef = 79CE043263C051599D2B703B /* Community.swift */; };
		8ED160FADA2102D59024363D /* CommunityCardView.swift in Sources */ = {isa = PBXBuildFile; fileRef = 93AB27DA0C6C4C8B4A8C2118 /* CommunityCardView.swift */; };
		1FE58780CDCB0EB7D3629B99 /* CommunityImageTile.swift in Sources */ = {isa = PBXBuildFile; fileRef = 3899F22E7DE1487075FF4749 /* CommunityImageTile.swift */; };
		92DF436EE9222ED3D14F9C5F /* SignUpView.swift in Sources */ = {isa = PBXBuildFile; fileRef = 4A84F736399E50932885842F /* SignUpView.swift */; };
		95B04328EFCBDC6137A6D84C /* MissionViewModel.swift in Sources */ = {isa = PBXBuildFile; fileRef = 2DB877A605767C2659F19703 /* MissionViewModel.swift */; };
		9657A6BB3A01470C8C0AA39A /* VoiceCoachService.swift in Sources */ = {isa = PBXBuildFile; fileRef = 65E740E5C403416998209FC7 /* VoiceCoachService.swift */; };
		9662CD9961E583CC0ECD7F34 /* VisionService.swift in Sources */ = {isa = PBXBuildFile; fileRef = BEAC9959B4EA727A19447F80 /* VisionService.swift */; };
		9D4009F220F9C438F0439E8E /* CharacterSelectView.swift in Sources */ = {isa = PBXBuildFile; fileRef = 271293DF6F5B76921A3D4CA3 /* CharacterSelectView.swift */; };
		A1B2C3D4E5F6A7B8C9D0E1F2 /* GameEventDetailView.swift in Sources */ = {isa = PBXBuildFile; fileRef = B2C3D4E5F6A7B8C9D0E1F2A3 /* GameEventDetailView.swift */; };
		BC751E28DD8A47E3C8F1AE20 /* MissionCardView.swift in Sources */ = {isa = PBXBuildFile; fileRef = 22C5DDE49D0F94B84BED4E90 /* MissionCardView.swift */; };
		DF4D815B921E984056A8FA00 /* ExamplePhotoGrid.swift in Sources */ = {isa = PBXBuildFile; fileRef = 880F2A9572B1D8F68812F63E /* ExamplePhotoGrid.swift */; };
		BC9F82281A10458AA9A656EE /* CharacterPickerGrid.swift in Sources */ = {isa = PBXBuildFile; fileRef = 047AEFECE2D647F4A9E041FD /* CharacterPickerGrid.swift */; };
		BF4B7B6B476AD282BE1D4B04 /* AuthService.swift in Sources */ = {isa = PBXBuildFile; fileRef = 077BD74AA0BAD72537558463 /* AuthService.swift */; };
		BFFDD57CF8C2F0B670AD403A /* EXPBarView.swift in Sources */ = {isa = PBXBuildFile; fileRef = CD41A8489CDB13B01874645C /* EXPBarView.swift */; };
		C0DED303B165256F79D09C8C /* CameraViewModel.swift in Sources */ = {isa = PBXBuildFile; fileRef = 73F67BE556968484FA5C5FFA /* CameraViewModel.swift */; };
		C10DF07C063D53FF2714FAB4 /* ProfileViewModel.swift in Sources */ = {isa = PBXBuildFile; fileRef = 30263B8435DC1054691E6C57 /* ProfileViewModel.swift */; };
		C19AE23B4B7EF1E9CB99E272 /* MissionPinView.swift in Sources */ = {isa = PBXBuildFile; fileRef = E8EBF84A238E24297B14EB95 /* MissionPinView.swift */; };
		7CAF518FA7A4E8D8DA29BF93 /* AppBackgroundView.swift in Sources */ = {isa = PBXBuildFile; fileRef = ABBAEBA24C1EBF839742C373 /* AppBackgroundView.swift */; };
		BCD7E6A0E030B10035C4CDFF /* HomeMapView.swift in Sources */ = {isa = PBXBuildFile; fileRef = 24481BB4A2796A19852B9FF5 /* HomeMapView.swift */; };
		1CF10F4D39EA8223AD2E66DD /* UserAvatarPinView.swift in Sources */ = {isa = PBXBuildFile; fileRef = A0D39FBBEB6DA88FE0B02234 /* UserAvatarPinView.swift */; };
		C891A20C78C7E4CB5EA028D8 /* LeaderboardView.swift in Sources */ = {isa = PBXBuildFile; fileRef = 330F14186D05E3671B54AC3D /* LeaderboardView.swift */; };
		C96D89350E0D2D092115BE35 /* CommunityView.swift in Sources */ = {isa = PBXBuildFile; fileRef = 7EF45DB27E5F37FEAA1EB9B5 /* CommunityView.swift */; };
		CB13D6892FECD63900A910AD /* GoogleService-Info.plist in Resources */ = {isa = PBXBuildFile; fileRef = CB13D6882FECD63900A910AD /* GoogleService-Info.plist */; };
		CB31134B2FD924D8007BFF65 /* iOS CityFit Project Background.md in Resources */ = {isa = PBXBuildFile; fileRef = CB31134A2FD924D7007BFF65 /* iOS CityFit Project Background.md */; };
		CB44AAA02FD8044100D3D7D7 /* CityFit iOS ProjectApp.swift in Sources */ = {isa = PBXBuildFile; fileRef = CB44AA9F2FD8044100D3D7D7 /* CityFit iOS ProjectApp.swift */; };
		CB44AAA42FD8044300D3D7D7 /* Assets.xcassets in Resources */ = {isa = PBXBuildFile; fileRef = CB44AAA32FD8044300D3D7D7 /* Assets.xcassets */; };
		CB44AAA72FD8044300D3D7D7 /* Preview Assets.xcassets in Resources */ = {isa = PBXBuildFile; fileRef = CB44AAA62FD8044300D3D7D7 /* Preview Assets.xcassets */; };
		CB7D35A12FECE7540088B0B3 /* nanopb in Frameworks */ = {isa = PBXBuildFile; productRef = CB7D35A02FECE7540088B0B3 /* nanopb */; };
		CBDDB6432FE26DBB001BED25 /* ImageClassifier.mlmodel in Sources */ = {isa = PBXBuildFile; fileRef = CBDDB6422FE26DBB001BED25 /* ImageClassifier.mlmodel */; };
		CEAFEF45E062799D30841BF8 /* ProfileView.swift in Sources */ = {isa = PBXBuildFile; fileRef = 585FB9023590263D376EA474 /* ProfileView.swift */; };
		D05A195A8CC69A8E2767F143 /* AIModels.swift in Sources */ = {isa = PBXBuildFile; fileRef = 596FC42890A16FA282A6C3FE /* AIModels.swift */; };
		DDA19BBF3FE616529E40E93C /* MissionDetailView.swift in Sources */ = {isa = PBXBuildFile; fileRef = 6E8D360840B5F2CF40BB2F8F /* MissionDetailView.swift */; };
		E3361072932E8990138BB4EB /* MockData.swift in Sources */ = {isa = PBXBuildFile; fileRef = 456D2AC4AD1B2DB2281DE72B /* MockData.swift */; };
		E6BD2D912456C9EDA280AE3D /* CharacterAvatarView.swift in Sources */ = {isa = PBXBuildFile; fileRef = 7A7BB8325523A06086A1A1A5 /* CharacterAvatarView.swift */; };
		E9F6D8C8F260EE4BCFF31F5A /* DetectionBannerView.swift in Sources */ = {isa = PBXBuildFile; fileRef = 59E1AF993523E1F44C15E433 /* DetectionBannerView.swift */; };
		F570C55C8D42EF6820C211F0 /* FirestoreService.swift in Sources */ = {isa = PBXBuildFile; fileRef = 9E6F20F01EDF30BC06424975 /* FirestoreService.swift */; };
		F6841E532748EF9563A81516 /* MissionMapView.swift in Sources */ = {isa = PBXBuildFile; fileRef = BED861EA2C9079E3DE3A51E4 /* MissionMapView.swift */; };
		FB3493CE8608BB08CB524DC6 /* MissionsView.swift in Sources */ = {isa = PBXBuildFile; fileRef = 0883373FBAF140538D041D56 /* MissionsView.swift */; };
		FBE39953B07B9DAECCAD3E97 /* MapViewModel.swift in Sources */ = {isa = PBXBuildFile; fileRef = 022B22D4AA8D3BC491AE13FE /* MapViewModel.swift */; };
		221ADD4381434270B2540BCA /* CommunityMessage.swift in Sources */ = {isa = PBXBuildFile; fileRef = FDFD7B4286E64F6BBC61C1EB /* CommunityMessage.swift */; };
		2DA241F7C7E5415CBAC64F9A /* CommunityChatViewModel.swift in Sources */ = {isa = PBXBuildFile; fileRef = 42A3FA1FFD6A485185CFFB01 /* CommunityChatViewModel.swift */; };
		D98070E5C2684008957AC36F /* CommunityChatView.swift in Sources */ = {isa = PBXBuildFile; fileRef = 0AC3D908DE11472C925D2178 /* CommunityChatView.swift */; };
		8B82D594EB0DB7BF591F22F0 /* HealthKitService.swift in Sources */ = {isa = PBXBuildFile; fileRef = A1357174BF97CB87ABB9BB19 /* HealthKitService.swift */; };
		55E113ECE5DEAC76782EC545 /* HealthInfoFormView.swift in Sources */ = {isa = PBXBuildFile; fileRef = 91BD3BA66EDABB075FFEE8A0 /* HealthInfoFormView.swift */; };
		142F8AE85B9990EE5B425625 /* HealthInfoSetupView.swift in Sources */ = {isa = PBXBuildFile; fileRef = 780BA7036F83D899D1C67430 /* HealthInfoSetupView.swift */; };
		53AFF3E15AD14985C2BE91FD /* UserDetailView.swift in Sources */ = {isa = PBXBuildFile; fileRef = 9899920BDF41C1CC17178CCD /* UserDetailView.swift */; };
/* End PBXBuildFile section */

/* Begin PBXFileReference section */
		005F3BEDE4ED370C27B393DF /* RoutePreviewView.swift */ = {isa = PBXFileReference; lastKnownFileType = sourcecode.swift; path = RoutePreviewView.swift; sourceTree = "<group>"; };
		F31D3124AB2B4CB9A11B054A /* TripPreviewView.swift */ = {isa = PBXFileReference; lastKnownFileType = sourcecode.swift; path = TripPreviewView.swift; sourceTree = "<group>"; };
		022B22D4AA8D3BC491AE13FE /* MapViewModel.swift */ = {isa = PBXFileReference; lastKnownFileType = sourcecode.swift; path = MapViewModel.swift; sourceTree = "<group>"; };
		047AEFECE2D647F4A9E041FD /* CharacterPickerGrid.swift */ = {isa = PBXFileReference; lastKnownFileType = sourcecode.swift; path = CharacterPickerGrid.swift; sourceTree = "<group>"; };
		077BD74AA0BAD72537558463 /* AuthService.swift */ = {isa = PBXFileReference; lastKnownFileType = sourcecode.swift; path = AuthService.swift; sourceTree = "<group>"; };
		0883373FBAF140538D041D56 /* MissionsView.swift */ = {isa = PBXFileReference; lastKnownFileType = sourcecode.swift; path = MissionsView.swift; sourceTree = "<group>"; };
		0C13609F7A76FA9BA498AA76 /* PhotoMissionView.swift */ = {isa = PBXFileReference; lastKnownFileType = sourcecode.swift; path = PhotoMissionView.swift; sourceTree = "<group>"; };
		119A2370E5887CCCCB11F738 /* Constants.swift */ = {isa = PBXFileReference; lastKnownFileType = sourcecode.swift; path = Constants.swift; sourceTree = "<group>"; };
		186A58546063834B36B869D8 /* CameraPreviewView.swift */ = {isa = PBXFileReference; lastKnownFileType = sourcecode.swift; path = CameraPreviewView.swift; sourceTree = "<group>"; };
		21BB3729533A8A1F9E397EC2 /* LeaderboardEntry.swift */ = {isa = PBXFileReference; lastKnownFileType = sourcecode.swift; path = LeaderboardEntry.swift; sourceTree = "<group>"; };
		21D5824B65AB2320894FD570 /* EXPCalculator.swift */ = {isa = PBXFileReference; lastKnownFileType = sourcecode.swift; path = EXPCalculator.swift; sourceTree = "<group>"; };
		22C5DDE49D0F94B84BED4E90 /* MissionCardView.swift */ = {isa = PBXFileReference; lastKnownFileType = sourcecode.swift; path = MissionCardView.swift; sourceTree = "<group>"; };
		880F2A9572B1D8F68812F63E /* ExamplePhotoGrid.swift */ = {isa = PBXFileReference; lastKnownFileType = sourcecode.swift; path = ExamplePhotoGrid.swift; sourceTree = "<group>"; };
		271293DF6F5B76921A3D4CA3 /* CharacterSelectView.swift */ = {isa = PBXFileReference; lastKnownFileType = sourcecode.swift; path = CharacterSelectView.swift; sourceTree = "<group>"; };
		2DB877A605767C2659F19703 /* MissionViewModel.swift */ = {isa = PBXFileReference; lastKnownFileType = sourcecode.swift; path = MissionViewModel.swift; sourceTree = "<group>"; };
		30263B8435DC1054691E6C57 /* ProfileViewModel.swift */ = {isa = PBXFileReference; lastKnownFileType = sourcecode.swift; path = ProfileViewModel.swift; sourceTree = "<group>"; };
		32229D6F7A08A0BE4235CF05 /* MissionTracker.swift */ = {isa = PBXFileReference; lastKnownFileType = sourcecode.swift; path = MissionTracker.swift; sourceTree = "<group>"; };
		330F14186D05E3671B54AC3D /* LeaderboardView.swift */ = {isa = PBXFileReference; lastKnownFileType = sourcecode.swift; path = LeaderboardView.swift; sourceTree = "<group>"; };
		33ECBC125DAD408AB6D6162A /* CommunityViewModel.swift */ = {isa = PBXFileReference; lastKnownFileType = sourcecode.swift; path = CommunityViewModel.swift; sourceTree = "<group>"; };
		39A92527F5079DA02AF8BF8C /* GameEvent.swift */ = {isa = PBXFileReference; lastKnownFileType = sourcecode.swift; path = GameEvent.swift; sourceTree = "<group>"; };
		456D2AC4AD1B2DB2281DE72B /* MockData.swift */ = {isa = PBXFileReference; lastKnownFileType = sourcecode.swift; path = MockData.swift; sourceTree = "<group>"; };
		4A84F736399E50932885842F /* SignUpView.swift */ = {isa = PBXFileReference; lastKnownFileType = sourcecode.swift; path = SignUpView.swift; sourceTree = "<group>"; };
		4C47CE076E02865157B24DC7 /* SplashView.swift */ = {isa = PBXFileReference; lastKnownFileType = sourcecode.swift; path = SplashView.swift; sourceTree = "<group>"; };
		4DFFDE8C71940E99700C64D7 /* LoginView.swift */ = {isa = PBXFileReference; lastKnownFileType = sourcecode.swift; path = LoginView.swift; sourceTree = "<group>"; };
		4EB8E893656B915E2B723445 /* Mission.swift */ = {isa = PBXFileReference; lastKnownFileType = sourcecode.swift; path = Mission.swift; sourceTree = "<group>"; };
		51B161582FE4630800BF83AA /* CityFit-iOS-Project-Info.plist */ = {isa = PBXFileReference; lastKnownFileType = text.plist; path = "CityFit-iOS-Project-Info.plist"; sourceTree = SOURCE_ROOT; };
		57550143F494483CFD8F89C2 /* RouteNavigationView.swift */ = {isa = PBXFileReference; lastKnownFileType = sourcecode.swift; path = RouteNavigationView.swift; sourceTree = "<group>"; };
		585FB9023590263D376EA474 /* ProfileView.swift */ = {isa = PBXFileReference; lastKnownFileType = sourcecode.swift; path = ProfileView.swift; sourceTree = "<group>"; };
		5944BFC41AFEA569273BCC93 /* LocationService.swift */ = {isa = PBXFileReference; lastKnownFileType = sourcecode.swift; path = LocationService.swift; sourceTree = "<group>"; };
		F481ACB296ACC028BC35F5E6 /* LandmarkSearchService.swift */ = {isa = PBXFileReference; lastKnownFileType = sourcecode.swift; path = LandmarkSearchService.swift; sourceTree = "<group>"; };
		596FC42890A16FA282A6C3FE /* AIModels.swift */ = {isa = PBXFileReference; lastKnownFileType = sourcecode.swift; path = AIModels.swift; sourceTree = "<group>"; };
		59E1AF993523E1F44C15E433 /* DetectionBannerView.swift */ = {isa = PBXFileReference; lastKnownFileType = sourcecode.swift; path = DetectionBannerView.swift; sourceTree = "<group>"; };
		59EFB679F0D14B02BE37554A /* EditProfileView.swift */ = {isa = PBXFileReference; lastKnownFileType = sourcecode.swift; path = EditProfileView.swift; sourceTree = "<group>"; };
		5FF2C3F4BBAEE70AEF371BB8 /* PedometerService.swift */ = {isa = PBXFileReference; lastKnownFileType = sourcecode.swift; path = PedometerService.swift; sourceTree = "<group>"; };
		632D8FBAD343E659F8A1820C /* CameraService.swift */ = {isa = PBXFileReference; lastKnownFileType = sourcecode.swift; path = CameraService.swift; sourceTree = "<group>"; };
		65E740E5C403416998209FC7 /* VoiceCoachService.swift */ = {isa = PBXFileReference; lastKnownFileType = sourcecode.swift; path = VoiceCoachService.swift; sourceTree = "<group>"; };
		67DD42335AC5DA8C7EA69C3D /* ActiveMissionView.swift */ = {isa = PBXFileReference; lastKnownFileType = sourcecode.swift; path = ActiveMissionView.swift; sourceTree = "<group>"; };
		6E8D360840B5F2CF40BB2F8F /* MissionDetailView.swift */ = {isa = PBXFileReference; lastKnownFileType = sourcecode.swift; path = MissionDetailView.swift; sourceTree = "<group>"; };
		7110186AAA145C2596B61A81 /* CommunityDetailView.swift */ = {isa = PBXFileReference; lastKnownFileType = sourcecode.swift; path = CommunityDetailView.swift; sourceTree = "<group>"; };
		72EE03271385CD5012F5B720 /* MainTabView.swift */ = {isa = PBXFileReference; lastKnownFileType = sourcecode.swift; path = MainTabView.swift; sourceTree = "<group>"; };
		73F67BE556968484FA5C5FFA /* CameraViewModel.swift */ = {isa = PBXFileReference; lastKnownFileType = sourcecode.swift; path = CameraViewModel.swift; sourceTree = "<group>"; };
		7657EE23CC8EEB739B6ECF6F /* RootView.swift */ = {isa = PBXFileReference; lastKnownFileType = sourcecode.swift; path = RootView.swift; sourceTree = "<group>"; };
		79CE043263C051599D2B703B /* Community.swift */ = {isa = PBXFileReference; lastKnownFileType = sourcecode.swift; path = Community.swift; sourceTree = "<group>"; };
		7A7BB8325523A06086A1A1A5 /* CharacterAvatarView.swift */ = {isa = PBXFileReference; lastKnownFileType = sourcecode.swift; path = CharacterAvatarView.swift; sourceTree = "<group>"; };
		7EF45DB27E5F37FEAA1EB9B5 /* CommunityView.swift */ = {isa = PBXFileReference; lastKnownFileType = sourcecode.swift; path = CommunityView.swift; sourceTree = "<group>"; };
		82DB732D7FAC9BCDB8F6A4F5 /* MissionCompleteView.swift */ = {isa = PBXFileReference; lastKnownFileType = sourcecode.swift; path = MissionCompleteView.swift; sourceTree = "<group>"; };
		8A1F34EB7E2B7C2565F2BD9F /* NavigationMapView.swift */ = {isa = PBXFileReference; lastKnownFileType = sourcecode.swift; path = NavigationMapView.swift; sourceTree = "<group>"; };
		93AB27DA0C6C4C8B4A8C2118 /* CommunityCardView.swift */ = {isa = PBXFileReference; lastKnownFileType = sourcecode.swift; path = CommunityCardView.swift; sourceTree = "<group>"; };
		3899F22E7DE1487075FF4749 /* CommunityImageTile.swift */ = {isa = PBXFileReference; lastKnownFileType = sourcecode.swift; path = CommunityImageTile.swift; sourceTree = "<group>"; };
		9DC1A6565F7151E22E03C1E5 /* ActivityService.swift */ = {isa = PBXFileReference; lastKnownFileType = sourcecode.swift; path = ActivityService.swift; sourceTree = "<group>"; };
		9E6F20F01EDF30BC06424975 /* FirestoreService.swift */ = {isa = PBXFileReference; lastKnownFileType = sourcecode.swift; path = FirestoreService.swift; sourceTree = "<group>"; };
		AE469706EBBF490F8E81BE0B /* CharacterPortraitView.swift */ = {isa = PBXFileReference; lastKnownFileType = sourcecode.swift; path = CharacterPortraitView.swift; sourceTree = "<group>"; };
		B2C3D4E5F6A7B8C9D0E1F2A3 /* GameEventDetailView.swift */ = {isa = PBXFileReference; lastKnownFileType = sourcecode.swift; path = GameEventDetailView.swift; sourceTree = "<group>"; };
		BAC390F3BEC7C603CEF4CDDD /* HomeView.swift */ = {isa = PBXFileReference; lastKnownFileType = sourcecode.swift; path = HomeView.swift; sourceTree = "<group>"; };
		BEAC9959B4EA727A19447F80 /* VisionService.swift */ = {isa = PBXFileReference; lastKnownFileType = sourcecode.swift; path = VisionService.swift; sourceTree = "<group>"; };
		BED861EA2C9079E3DE3A51E4 /* MissionMapView.swift */ = {isa = PBXFileReference; lastKnownFileType = sourcecode.swift; path = MissionMapView.swift; sourceTree = "<group>"; };
		C6F29A4D95704283015D57EA /* AIChatView.swift */ = {isa = PBXFileReference; lastKnownFileType = sourcecode.swift; path = AIChatView.swift; sourceTree = "<group>"; };
		CB13D6882FECD63900A910AD /* GoogleService-Info.plist */ = {isa = PBXFileReference; fileEncoding = 4; lastKnownFileType = text.plist.xml; path = "GoogleService-Info.plist"; sourceTree = "<group>"; };
		CB31134A2FD924D7007BFF65 /* iOS CityFit Project Background.md */ = {isa = PBXFileReference; fileEncoding = 4; lastKnownFileType = net.daringfireball.markdown; path = "iOS CityFit Project Background.md"; sourceTree = SOURCE_ROOT; };
		CB44AA9C2FD8044100D3D7D7 /* CityFit iOS Project.app */ = {isa = PBXFileReference; explicitFileType = wrapper.application; includeInIndex = 0; path = "CityFit iOS Project.app"; sourceTree = BUILT_PRODUCTS_DIR; };
		CB44AA9F2FD8044100D3D7D7 /* CityFit iOS ProjectApp.swift */ = {isa = PBXFileReference; lastKnownFileType = sourcecode.swift; path = "CityFit iOS ProjectApp.swift"; sourceTree = "<group>"; };
		CB44AAA32FD8044300D3D7D7 /* Assets.xcassets */ = {isa = PBXFileReference; lastKnownFileType = folder.assetcatalog; path = Assets.xcassets; sourceTree = "<group>"; };
		CB44AAA62FD8044300D3D7D7 /* Preview Assets.xcassets */ = {isa = PBXFileReference; lastKnownFileType = folder.assetcatalog; path = "Preview Assets.xcassets"; sourceTree = "<group>"; };
		CBDDB6422FE26DBB001BED25 /* ImageClassifier.mlmodel */ = {isa = PBXFileReference; lastKnownFileType = file.mlmodel; path = ImageClassifier.mlmodel; sourceTree = "<group>"; };
		CD41A8489CDB13B01874645C /* EXPBarView.swift */ = {isa = PBXFileReference; lastKnownFileType = sourcecode.swift; path = EXPBarView.swift; sourceTree = "<group>"; };
		DF70986B81B52DCD246AB5A3 /* RouteNavigationViewModel.swift */ = {isa = PBXFileReference; lastKnownFileType = sourcecode.swift; path = RouteNavigationViewModel.swift; sourceTree = "<group>"; };
		E7675CBDD6F599240DDEE098 /* AIViewModel.swift */ = {isa = PBXFileReference; lastKnownFileType = sourcecode.swift; path = AIViewModel.swift; sourceTree = "<group>"; };
		E785CF8C291ACE741704390F /* LeaderboardRowView.swift */ = {isa = PBXFileReference; lastKnownFileType = sourcecode.swift; path = LeaderboardRowView.swift; sourceTree = "<group>"; };
		E8EBF84A238E24297B14EB95 /* MissionPinView.swift */ = {isa = PBXFileReference; lastKnownFileType = sourcecode.swift; path = MissionPinView.swift; sourceTree = "<group>"; };
		ABBAEBA24C1EBF839742C373 /* AppBackgroundView.swift */ = {isa = PBXFileReference; lastKnownFileType = sourcecode.swift; path = AppBackgroundView.swift; sourceTree = "<group>"; };
		24481BB4A2796A19852B9FF5 /* HomeMapView.swift */ = {isa = PBXFileReference; lastKnownFileType = sourcecode.swift; path = HomeMapView.swift; sourceTree = "<group>"; };
		A0D39FBBEB6DA88FE0B02234 /* UserAvatarPinView.swift */ = {isa = PBXFileReference; lastKnownFileType = sourcecode.swift; path = UserAvatarPinView.swift; sourceTree = "<group>"; };
		F66A3EDDB98DE2159616B743 /* OnboardingLoadingView.swift */ = {isa = PBXFileReference; lastKnownFileType = sourcecode.swift; path = OnboardingLoadingView.swift; sourceTree = "<group>"; };
		F9FA70990002ADDF814B5042 /* User.swift */ = {isa = PBXFileReference; lastKnownFileType = sourcecode.swift; path = User.swift; sourceTree = "<group>"; };
		FCCCBB3C5605F2EF5DF8F257 /* AIService.swift */ = {isa = PBXFileReference; lastKnownFileType = sourcecode.swift; path = AIService.swift; sourceTree = "<group>"; };
		FE9ABB7CEB99E0967019BE0D /* RouteMapView.swift */ = {isa = PBXFileReference; lastKnownFileType = sourcecode.swift; path = RouteMapView.swift; sourceTree = "<group>"; };
		E1BD85EA8B594DBB9B5DAA11 /* Shared.xcconfig */ = {isa = PBXFileReference; lastKnownFileType = text.xcconfig; path = "Config/Shared.xcconfig"; sourceTree = "<group>"; };
		FDFD7B4286E64F6BBC61C1EB /* CommunityMessage.swift */ = {isa = PBXFileReference; lastKnownFileType = sourcecode.swift; path = CommunityMessage.swift; sourceTree = "<group>"; };
		42A3FA1FFD6A485185CFFB01 /* CommunityChatViewModel.swift */ = {isa = PBXFileReference; lastKnownFileType = sourcecode.swift; path = CommunityChatViewModel.swift; sourceTree = "<group>"; };
		0AC3D908DE11472C925D2178 /* CommunityChatView.swift */ = {isa = PBXFileReference; lastKnownFileType = sourcecode.swift; path = CommunityChatView.swift; sourceTree = "<group>"; };
		A1357174BF97CB87ABB9BB19 /* HealthKitService.swift */ = {isa = PBXFileReference; lastKnownFileType = sourcecode.swift; path = HealthKitService.swift; sourceTree = "<group>"; };
		91BD3BA66EDABB075FFEE8A0 /* HealthInfoFormView.swift */ = {isa = PBXFileReference; lastKnownFileType = sourcecode.swift; path = HealthInfoFormView.swift; sourceTree = "<group>"; };
		780BA7036F83D899D1C67430 /* HealthInfoSetupView.swift */ = {isa = PBXFileReference; lastKnownFileType = sourcecode.swift; path = HealthInfoSetupView.swift; sourceTree = "<group>"; };
		9899920BDF41C1CC17178CCD /* UserDetailView.swift */ = {isa = PBXFileReference; lastKnownFileType = sourcecode.swift; path = UserDetailView.swift; sourceTree = "<group>"; };
		2AAF0FFB101CFE2B72D7FEC0 /* CityFit-iOS-Project.entitlements */ = {isa = PBXFileReference; lastKnownFileType = text.plist.entitlements; path = "CityFit-iOS-Project.entitlements"; sourceTree = "<group>"; };
/* End PBXFileReference section */

/* Begin PBXFrameworksBuildPhase section */
		CB44AA992FD8044100D3D7D7 /* Frameworks */ = {
			isa = PBXFrameworksBuildPhase;
			buildActionMask = 2147483647;
			files = (
				CB7D35A12FECE7540088B0B3 /* nanopb in Frameworks */,
				51B161532FE45B9000BF83AA /* FirebaseAuth in Frameworks */,
				51B161552FE45B9000BF83AA /* FirebaseFirestore in Frameworks */,
				51B1615B2FE4690B00BF83AA /* GoogleSignIn in Frameworks */,
			);
			runOnlyForDeploymentPostprocessing = 0;
		};
/* End PBXFrameworksBuildPhase section */

/* Begin PBXGroup section */
		2CA08CFA7B97AAAED619706E /* Main */ = {
			isa = PBXGroup;
			children = (
				C6F29A4D95704283015D57EA /* AIChatView.swift */,
				67DD42335AC5DA8C7EA69C3D /* ActiveMissionView.swift */,
				7110186AAA145C2596B61A81 /* CommunityDetailView.swift */,
				B2C3D4E5F6A7B8C9D0E1F2A3 /* GameEventDetailView.swift */,
				7EF45DB27E5F37FEAA1EB9B5 /* CommunityView.swift */,
				BAC390F3BEC7C603CEF4CDDD /* HomeView.swift */,
				330F14186D05E3671B54AC3D /* LeaderboardView.swift */,
				72EE03271385CD5012F5B720 /* MainTabView.swift */,
				82DB732D7FAC9BCDB8F6A4F5 /* MissionCompleteView.swift */,
				6E8D360840B5F2CF40BB2F8F /* MissionDetailView.swift */,
				0883373FBAF140538D041D56 /* MissionsView.swift */,
				0C13609F7A76FA9BA498AA76 /* PhotoMissionView.swift */,
				585FB9023590263D376EA474 /* ProfileView.swift */,
				59EFB679F0D14B02BE37554A /* EditProfileView.swift */,
				005F3BEDE4ED370C27B393DF /* RoutePreviewView.swift */,
				F31D3124AB2B4CB9A11B054A /* TripPreviewView.swift */,
				57550143F494483CFD8F89C2 /* RouteNavigationView.swift */,
				0AC3D908DE11472C925D2178 /* CommunityChatView.swift */,
				9899920BDF41C1CC17178CCD /* UserDetailView.swift */,
			);
			path = Main;
			sourceTree = "<group>";
		};
		38DF21AEF4612506D6BE5CBE /* Views */ = {
			isa = PBXGroup;
			children = (
				59FF05999F88E5CD1DA1CFD5 /* Auth */,
				950A2D373B2809B658DC7F2E /* Components */,
				2CA08CFA7B97AAAED619706E /* Main */,
				E304E7730958EE906BB34314 /* Onboarding */,
				7657EE23CC8EEB739B6ECF6F /* RootView.swift */,
			);
			path = Views;
			sourceTree = "<group>";
		};
		59FF05999F88E5CD1DA1CFD5 /* Auth */ = {
			isa = PBXGroup;
			children = (
				4DFFDE8C71940E99700C64D7 /* LoginView.swift */,
				4A84F736399E50932885842F /* SignUpView.swift */,
				4C47CE076E02865157B24DC7 /* SplashView.swift */,
			);
			path = Auth;
			sourceTree = "<group>";
		};
		609874F33224C0C09F1FEE42 /* Services */ = {
			isa = PBXGroup;
			children = (
				FCCCBB3C5605F2EF5DF8F257 /* AIService.swift */,
				9DC1A6565F7151E22E03C1E5 /* ActivityService.swift */,
				077BD74AA0BAD72537558463 /* AuthService.swift */,
				632D8FBAD343E659F8A1820C /* CameraService.swift */,
				9E6F20F01EDF30BC06424975 /* FirestoreService.swift */,
				5944BFC41AFEA569273BCC93 /* LocationService.swift */,
				F481ACB296ACC028BC35F5E6 /* LandmarkSearchService.swift */,
				5FF2C3F4BBAEE70AEF371BB8 /* PedometerService.swift */,
				BEAC9959B4EA727A19447F80 /* VisionService.swift */,
				65E740E5C403416998209FC7 /* VoiceCoachService.swift */,
				A1357174BF97CB87ABB9BB19 /* HealthKitService.swift */,
			);
			path = Services;
			sourceTree = "<group>";
		};
		75F090684AA9B55467DCF619 /* Utils */ = {
			isa = PBXGroup;
			children = (
				119A2370E5887CCCCB11F738 /* Constants.swift */,
				21D5824B65AB2320894FD570 /* EXPCalculator.swift */,
				456D2AC4AD1B2DB2281DE72B /* MockData.swift */,
			);
			path = Utils;
			sourceTree = "<group>";
		};
		8C82CBDAB62AC804C92AACD0 /* ViewModels */ = {
			isa = PBXGroup;
			children = (
				E7675CBDD6F599240DDEE098 /* AIViewModel.swift */,
				73F67BE556968484FA5C5FFA /* CameraViewModel.swift */,
				33ECBC125DAD408AB6D6162A /* CommunityViewModel.swift */,
				022B22D4AA8D3BC491AE13FE /* MapViewModel.swift */,
				DF70986B81B52DCD246AB5A3 /* RouteNavigationViewModel.swift */,
				32229D6F7A08A0BE4235CF05 /* MissionTracker.swift */,
				2DB877A605767C2659F19703 /* MissionViewModel.swift */,
				30263B8435DC1054691E6C57 /* ProfileViewModel.swift */,
				42A3FA1FFD6A485185CFFB01 /* CommunityChatViewModel.swift */,
			);
			path = ViewModels;
			sourceTree = "<group>";
		};
		950A2D373B2809B658DC7F2E /* Components */ = {
			isa = PBXGroup;
			children = (
				186A58546063834B36B869D8 /* CameraPreviewView.swift */,
				7A7BB8325523A06086A1A1A5 /* CharacterAvatarView.swift */,
				AE469706EBBF490F8E81BE0B /* CharacterPortraitView.swift */,
				047AEFECE2D647F4A9E041FD /* CharacterPickerGrid.swift */,
				93AB27DA0C6C4C8B4A8C2118 /* CommunityCardView.swift */,
				3899F22E7DE1487075FF4749 /* CommunityImageTile.swift */,
				59E1AF993523E1F44C15E433 /* DetectionBannerView.swift */,
				CD41A8489CDB13B01874645C /* EXPBarView.swift */,
				E785CF8C291ACE741704390F /* LeaderboardRowView.swift */,
				22C5DDE49D0F94B84BED4E90 /* MissionCardView.swift */,
				880F2A9572B1D8F68812F63E /* ExamplePhotoGrid.swift */,
				E8EBF84A238E24297B14EB95 /* MissionPinView.swift */,
				ABBAEBA24C1EBF839742C373 /* AppBackgroundView.swift */,
				24481BB4A2796A19852B9FF5 /* HomeMapView.swift */,
				A0D39FBBEB6DA88FE0B02234 /* UserAvatarPinView.swift */,
				8A1F34EB7E2B7C2565F2BD9F /* NavigationMapView.swift */,
				BED861EA2C9079E3DE3A51E4 /* MissionMapView.swift */,
				FE9ABB7CEB99E0967019BE0D /* RouteMapView.swift */,
				91BD3BA66EDABB075FFEE8A0 /* HealthInfoFormView.swift */,
			);
			path = Components;
			sourceTree = "<group>";
		};
		A1C86A29E589D48EC70B6A32 /* Models */ = {
			isa = PBXGroup;
			children = (
				596FC42890A16FA282A6C3FE /* AIModels.swift */,
				79CE043263C051599D2B703B /* Community.swift */,
				39A92527F5079DA02AF8BF8C /* GameEvent.swift */,
				21BB3729533A8A1F9E397EC2 /* LeaderboardEntry.swift */,
				4EB8E893656B915E2B723445 /* Mission.swift */,
				F9FA70990002ADDF814B5042 /* User.swift */,
				FDFD7B4286E64F6BBC61C1EB /* CommunityMessage.swift */,
			);
			path = Models;
			sourceTree = "<group>";
		};
		CB44AA932FD8044100D3D7D7 = {
			isa = PBXGroup;
			children = (
				CB44AA9E2FD8044100D3D7D7 /* CityFit iOS Project */,
				CB44AA9D2FD8044100D3D7D7 /* Products */,
				E1BD85EA8B594DBB9B5DAA11 /* Shared.xcconfig */,
			);
			sourceTree = "<group>";
		};
		CB44AA9D2FD8044100D3D7D7 /* Products */ = {
			isa = PBXGroup;
			children = (
				CB44AA9C2FD8044100D3D7D7 /* CityFit iOS Project.app */,
			);
			name = Products;
			sourceTree = "<group>";
		};
		CB44AA9E2FD8044100D3D7D7 /* CityFit iOS Project */ = {
			isa = PBXGroup;
			children = (
				CB13D6882FECD63900A910AD /* GoogleService-Info.plist */,
				2AAF0FFB101CFE2B72D7FEC0 /* CityFit-iOS-Project.entitlements */,
				51B161582FE4630800BF83AA /* CityFit-iOS-Project-Info.plist */,
				CBDDB6422FE26DBB001BED25 /* ImageClassifier.mlmodel */,
				CB31134A2FD924D7007BFF65 /* iOS CityFit Project Background.md */,
				CB44AA9F2FD8044100D3D7D7 /* CityFit iOS ProjectApp.swift */,
				A1C86A29E589D48EC70B6A32 /* Models */,
				8C82CBDAB62AC804C92AACD0 /* ViewModels */,
				38DF21AEF4612506D6BE5CBE /* Views */,
				609874F33224C0C09F1FEE42 /* Services */,
				75F090684AA9B55467DCF619 /* Utils */,
				CB44AAA32FD8044300D3D7D7 /* Assets.xcassets */,
				CB44AAA52FD8044300D3D7D7 /* Preview Content */,
			);
			path = "CityFit iOS Project";
			sourceTree = "<group>";
		};
		CB44AAA52FD8044300D3D7D7 /* Preview Content */ = {
			isa = PBXGroup;
			children = (
				CB44AAA62FD8044300D3D7D7 /* Preview Assets.xcassets */,
			);
			path = "Preview Content";
			sourceTree = "<group>";
		};
		E304E7730958EE906BB34314 /* Onboarding */ = {
			isa = PBXGroup;
			children = (
				271293DF6F5B76921A3D4CA3 /* CharacterSelectView.swift */,
				F66A3EDDB98DE2159616B743 /* OnboardingLoadingView.swift */,
				780BA7036F83D899D1C67430 /* HealthInfoSetupView.swift */,
			);
			path = Onboarding;
			sourceTree = "<group>";
		};
/* End PBXGroup section */

/* Begin PBXNativeTarget section */
		CB44AA9B2FD8044100D3D7D7 /* CityFit iOS Project */ = {
			isa = PBXNativeTarget;
			buildConfigurationList = CB44AAAA2FD8044300D3D7D7 /* Build configuration list for PBXNativeTarget "CityFit iOS Project" */;
			buildPhases = (
				CB44AA982FD8044100D3D7D7 /* Sources */,
				CB44AA992FD8044100D3D7D7 /* Frameworks */,
				CB44AA9A2FD8044100D3D7D7 /* Resources */,
			);
			buildRules = (
			);
			dependencies = (
			);
			name = "CityFit iOS Project";
			packageProductDependencies = (
				CB7D35A02FECE7540088B0B3 /* nanopb */,
			);
			productName = "CityFit iOS Project";
			productReference = CB44AA9C2FD8044100D3D7D7 /* CityFit iOS Project.app */;
			productType = "com.apple.product-type.application";
		};
/* End PBXNativeTarget section */

/* Begin PBXProject section */
		CB44AA942FD8044100D3D7D7 /* Project object */ = {
			isa = PBXProject;
			attributes = {
				BuildIndependentTargetsInParallel = 1;
				LastSwiftUpdateCheck = 1430;
				LastUpgradeCheck = 1430;
				TargetAttributes = {
					CB44AA9B2FD8044100D3D7D7 = {
						CreatedOnToolsVersion = 14.3.1;
					};
				};
			};
			buildConfigurationList = CB44AA972FD8044100D3D7D7 /* Build configuration list for PBXProject "CityFit iOS Project" */;
			compatibilityVersion = "Xcode 14.0";
			developmentRegion = en;
			hasScannedForEncodings = 0;
			knownRegions = (
				en,
				Base,
			);
			mainGroup = CB44AA932FD8044100D3D7D7;
			packageReferences = (
				51B161512FE45B9000BF83AA /* XCRemoteSwiftPackageReference "firebase-ios-sdk" */,
				51B161592FE4690B00BF83AA /* XCRemoteSwiftPackageReference "GoogleSignIn-iOS" */,
				CB7D359F2FECE7540088B0B3 /* XCRemoteSwiftPackageReference "nanopb" */,
			);
			productRefGroup = CB44AA9D2FD8044100D3D7D7 /* Products */;
			projectDirPath = "";
			projectRoot = "";
			targets = (
				CB44AA9B2FD8044100D3D7D7 /* CityFit iOS Project */,
			);
		};
/* End PBXProject section */

/* Begin PBXResourcesBuildPhase section */
		CB44AA9A2FD8044100D3D7D7 /* Resources */ = {
			isa = PBXResourcesBuildPhase;
			buildActionMask = 2147483647;
			files = (
				CB44AAA72FD8044300D3D7D7 /* Preview Assets.xcassets in Resources */,
				CB13D6892FECD63900A910AD /* GoogleService-Info.plist in Resources */,
				CB44AAA42FD8044300D3D7D7 /* Assets.xcassets in Resources */,
				CB31134B2FD924D8007BFF65 /* iOS CityFit Project Background.md in Resources */,
			);
			runOnlyForDeploymentPostprocessing = 0;
		};
/* End PBXResourcesBuildPhase section */

/* Begin PBXSourcesBuildPhase section */
		CB44AA982FD8044100D3D7D7 /* Sources */ = {
			isa = PBXSourcesBuildPhase;
			buildActionMask = 2147483647;
			files = (
				CB44AAA02FD8044100D3D7D7 /* CityFit iOS ProjectApp.swift in Sources */,
				D05A195A8CC69A8E2767F143 /* AIModels.swift in Sources */,
				8B7275DA5B5E18067BE612DD /* Community.swift in Sources */,
				437C1E18152D947F81C8042F /* GameEvent.swift in Sources */,
				682E98EA1D3C9D4E225AB5EF /* LeaderboardEntry.swift in Sources */,
				0702EE93C254FC6D3CE989C2 /* Mission.swift in Sources */,
				04F2EAB1BA29D4246912197C /* User.swift in Sources */,
				32D990D7F88E1BB097FF01B8 /* AIViewModel.swift in Sources */,
				C0DED303B165256F79D09C8C /* CameraViewModel.swift in Sources */,
				704EA28CCEB14472AE9CFB49 /* CommunityViewModel.swift in Sources */,
				FBE39953B07B9DAECCAD3E97 /* MapViewModel.swift in Sources */,
				95B04328EFCBDC6137A6D84C /* MissionViewModel.swift in Sources */,
				C10DF07C063D53FF2714FAB4 /* ProfileViewModel.swift in Sources */,
				31BD86C17C911423A1407100 /* LoginView.swift in Sources */,
				92DF436EE9222ED3D14F9C5F /* SignUpView.swift in Sources */,
				4178234C93046FAC11456127 /* SplashView.swift in Sources */,
				3B2CA971BCE867D74CA32344 /* CameraPreviewView.swift in Sources */,
				E6BD2D912456C9EDA280AE3D /* CharacterAvatarView.swift in Sources */,
				116BFF320F044C9A92819995 /* CharacterPortraitView.swift in Sources */,
				BC9F82281A10458AA9A656EE /* CharacterPickerGrid.swift in Sources */,
				8ED160FADA2102D59024363D /* CommunityCardView.swift in Sources */,
				1FE58780CDCB0EB7D3629B99 /* CommunityImageTile.swift in Sources */,
				E9F6D8C8F260EE4BCFF31F5A /* DetectionBannerView.swift in Sources */,
				BFFDD57CF8C2F0B670AD403A /* EXPBarView.swift in Sources */,
				7B2A21634A06887946274DA5 /* LeaderboardRowView.swift in Sources */,
				BC751E28DD8A47E3C8F1AE20 /* MissionCardView.swift in Sources */,
				DF4D815B921E984056A8FA00 /* ExamplePhotoGrid.swift in Sources */,
				C19AE23B4B7EF1E9CB99E272 /* MissionPinView.swift in Sources */,
				7CAF518FA7A4E8D8DA29BF93 /* AppBackgroundView.swift in Sources */,
				BCD7E6A0E030B10035C4CDFF /* HomeMapView.swift in Sources */,
				1CF10F4D39EA8223AD2E66DD /* UserAvatarPinView.swift in Sources */,
				479DA02FB820FD004705C257 /* NavigationMapView.swift in Sources */,
				F6841E532748EF9563A81516 /* MissionMapView.swift in Sources */,
				7A15CE2A45F84DA45595A535 /* MissionTracker.swift in Sources */,
				0B8A44CF258C4613787F0BD1 /* RouteNavigationView.swift in Sources */,
				3615679A60D047AB3F67681A /* RouteNavigationViewModel.swift in Sources */,
				188FD41FAAC10B91973EBEFC /* RouteMapView.swift in Sources */,
				1D75DF4579A4E6E2EE1C136D /* AIChatView.swift in Sources */,
				30C2C73761BEAE5DA1826487 /* ActiveMissionView.swift in Sources */,
				4BB47A1FA6AAB2F2D88DFA91 /* CommunityDetailView.swift in Sources */,
				A1B2C3D4E5F6A7B8C9D0E1F2 /* GameEventDetailView.swift in Sources */,
				C96D89350E0D2D092115BE35 /* CommunityView.swift in Sources */,
				14E7288DEEE7E2DA28B7683A /* HomeView.swift in Sources */,
				C891A20C78C7E4CB5EA028D8 /* LeaderboardView.swift in Sources */,
				888562102ACCC6B9D26BAB2D /* MainTabView.swift in Sources */,
				6984CC8F3108C4EDDECD237F /* MissionCompleteView.swift in Sources */,
				DDA19BBF3FE616529E40E93C /* MissionDetailView.swift in Sources */,
				FB3493CE8608BB08CB524DC6 /* MissionsView.swift in Sources */,
				2A515B69200C5963E14EB432 /* PhotoMissionView.swift in Sources */,
				CEAFEF45E062799D30841BF8 /* ProfileView.swift in Sources */,
				5395F152268F467AA7F81385 /* EditProfileView.swift in Sources */,
				532669D0673DEB011C847F3F /* RoutePreviewView.swift in Sources */,
				7A6E5D0641EC44219AC0A5B7 /* TripPreviewView.swift in Sources */,
				9D4009F220F9C438F0439E8E /* CharacterSelectView.swift in Sources */,
				3B5CEB0CAE487257BDDC1B83 /* OnboardingLoadingView.swift in Sources */,
				CBDDB6432FE26DBB001BED25 /* ImageClassifier.mlmodel in Sources */,
				162D836C7C50E6AD190F4643 /* RootView.swift in Sources */,
				2F296EF03508BBD647723717 /* AIService.swift in Sources */,
				151F27663DE9C9B2692443EC /* ActivityService.swift in Sources */,
				BF4B7B6B476AD282BE1D4B04 /* AuthService.swift in Sources */,
				070D6F541D58C94BC971BB01 /* CameraService.swift in Sources */,
				F570C55C8D42EF6820C211F0 /* FirestoreService.swift in Sources */,
				0AA36FB6E684938ED0668278 /* LocationService.swift in Sources */,
				9AF458FE2CB4E7672F1CC815 /* LandmarkSearchService.swift in Sources */,
				6D7C063C1E74F585B9627E06 /* PedometerService.swift in Sources */,
				9662CD9961E583CC0ECD7F34 /* VisionService.swift in Sources */,
				9657A6BB3A01470C8C0AA39A /* VoiceCoachService.swift in Sources */,
				006331BFD72E50EABCF57081 /* Constants.swift in Sources */,
				48C33DBC5F2D1F3388FB8167 /* EXPCalculator.swift in Sources */,
				E3361072932E8990138BB4EB /* MockData.swift in Sources */,
				221ADD4381434270B2540BCA /* CommunityMessage.swift in Sources */,
				2DA241F7C7E5415CBAC64F9A /* CommunityChatViewModel.swift in Sources */,
				D98070E5C2684008957AC36F /* CommunityChatView.swift in Sources */,
				8B82D594EB0DB7BF591F22F0 /* HealthKitService.swift in Sources */,
				55E113ECE5DEAC76782EC545 /* HealthInfoFormView.swift in Sources */,
				142F8AE85B9990EE5B425625 /* HealthInfoSetupView.swift in Sources */,
				53AFF3E15AD14985C2BE91FD /* UserDetailView.swift in Sources */,
			);
			runOnlyForDeploymentPostprocessing = 0;
		};
/* End PBXSourcesBuildPhase section */

/* Begin XCBuildConfiguration section */
		CB44AAA82FD8044300D3D7D7 /* Debug */ = {
			isa = XCBuildConfiguration;
			buildSettings = {
				ALWAYS_SEARCH_USER_PATHS = NO;
				CLANG_ANALYZER_NONNULL = YES;
				CLANG_ANALYZER_NUMBER_OBJECT_CONVERSION = YES_AGGRESSIVE;
				CLANG_CXX_LANGUAGE_STANDARD = "gnu++20";
				CLANG_ENABLE_MODULES = YES;
				CLANG_ENABLE_OBJC_ARC = YES;
				CLANG_ENABLE_OBJC_WEAK = YES;
				CLANG_WARN_BLOCK_CAPTURE_AUTORELEASING = YES;
				CLANG_WARN_BOOL_CONVERSION = YES;
				CLANG_WARN_COMMA = YES;
				CLANG_WARN_CONSTANT_CONVERSION = YES;
				CLANG_WARN_DEPRECATED_OBJC_IMPLEMENTATIONS = YES;
				CLANG_WARN_DIRECT_OBJC_ISA_USAGE = YES_ERROR;
				CLANG_WARN_DOCUMENTATION_COMMENTS = YES;
				CLANG_WARN_EMPTY_BODY = YES;
				CLANG_WARN_ENUM_CONVERSION = YES;
				CLANG_WARN_INFINITE_RECURSION = YES;
				CLANG_WARN_INT_CONVERSION = YES;
				CLANG_WARN_NON_LITERAL_NULL_CONVERSION = YES;
				CLANG_WARN_OBJC_IMPLICIT_RETAIN_SELF = YES;
				CLANG_WARN_OBJC_LITERAL_CONVERSION = YES;
				CLANG_WARN_OBJC_ROOT_CLASS = YES_ERROR;
				CLANG_WARN_QUOTED_INCLUDE_IN_FRAMEWORK_HEADER = YES;
				CLANG_WARN_RANGE_LOOP_ANALYSIS = YES;
				CLANG_WARN_STRICT_PROTOTYPES = YES;
				CLANG_WARN_SUSPICIOUS_MOVE = YES;
				CLANG_WARN_UNGUARDED_AVAILABILITY = YES_AGGRESSIVE;
				CLANG_WARN_UNREACHABLE_CODE = YES;
				CLANG_WARN__DUPLICATE_METHOD_MATCH = YES;
				COPY_PHASE_STRIP = NO;
				DEBUG_INFORMATION_FORMAT = dwarf;
				ENABLE_STRICT_OBJC_MSGSEND = YES;
				ENABLE_TESTABILITY = YES;
				GCC_C_LANGUAGE_STANDARD = gnu11;
				GCC_DYNAMIC_NO_PIC = NO;
				GCC_NO_COMMON_BLOCKS = YES;
				GCC_OPTIMIZATION_LEVEL = 0;
				GCC_PREPROCESSOR_DEFINITIONS = (
					"DEBUG=1",
					"$(inherited)",
				);
				GCC_WARN_64_TO_32_BIT_CONVERSION = YES;
				GCC_WARN_ABOUT_RETURN_TYPE = YES_ERROR;
				GCC_WARN_UNDECLARED_SELECTOR = YES;
				GCC_WARN_UNINITIALIZED_AUTOS = YES_AGGRESSIVE;
				GCC_WARN_UNUSED_FUNCTION = YES;
				GCC_WARN_UNUSED_VARIABLE = YES;
				IPHONEOS_DEPLOYMENT_TARGET = 16.0;
				MTL_ENABLE_DEBUG_INFO = INCLUDE_SOURCE;
				MTL_FAST_MATH = YES;
				ONLY_ACTIVE_ARCH = YES;
				SDKROOT = iphoneos;
				SWIFT_ACTIVE_COMPILATION_CONDITIONS = DEBUG;
				SWIFT_OPTIMIZATION_LEVEL = "-Onone";
			};
			name = Debug;
		};
		CB44AAA92FD8044300D3D7D7 /* Release */ = {
			isa = XCBuildConfiguration;
			buildSettings = {
				ALWAYS_SEARCH_USER_PATHS = NO;
				CLANG_ANALYZER_NONNULL = YES;
				CLANG_ANALYZER_NUMBER_OBJECT_CONVERSION = YES_AGGRESSIVE;
				CLANG_CXX_LANGUAGE_STANDARD = "gnu++20";
				CLANG_ENABLE_MODULES = YES;
				CLANG_ENABLE_OBJC_ARC = YES;
				CLANG_ENABLE_OBJC_WEAK = YES;
				CLANG_WARN_BLOCK_CAPTURE_AUTORELEASING = YES;
				CLANG_WARN_BOOL_CONVERSION = YES;
				CLANG_WARN_COMMA = YES;
				CLANG_WARN_CONSTANT_CONVERSION = YES;
				CLANG_WARN_DEPRECATED_OBJC_IMPLEMENTATIONS = YES;
				CLANG_WARN_DIRECT_OBJC_ISA_USAGE = YES_ERROR;
				CLANG_WARN_DOCUMENTATION_COMMENTS = YES;
				CLANG_WARN_EMPTY_BODY = YES;
				CLANG_WARN_ENUM_CONVERSION = YES;
				CLANG_WARN_INFINITE_RECURSION = YES;
				CLANG_WARN_INT_CONVERSION = YES;
				CLANG_WARN_NON_LITERAL_NULL_CONVERSION = YES;
				CLANG_WARN_OBJC_IMPLICIT_RETAIN_SELF = YES;
				CLANG_WARN_OBJC_LITERAL_CONVERSION = YES;
				CLANG_WARN_OBJC_ROOT_CLASS = YES_ERROR;
				CLANG_WARN_QUOTED_INCLUDE_IN_FRAMEWORK_HEADER = YES;
				CLANG_WARN_RANGE_LOOP_ANALYSIS = YES;
				CLANG_WARN_STRICT_PROTOTYPES = YES;
				CLANG_WARN_SUSPICIOUS_MOVE = YES;
				CLANG_WARN_UNGUARDED_AVAILABILITY = YES_AGGRESSIVE;
				CLANG_WARN_UNREACHABLE_CODE = YES;
				CLANG_WARN__DUPLICATE_METHOD_MATCH = YES;
				COPY_PHASE_STRIP = NO;
				DEBUG_INFORMATION_FORMAT = "dwarf-with-dsym";
				ENABLE_NS_ASSERTIONS = NO;
				ENABLE_STRICT_OBJC_MSGSEND = YES;
				GCC_C_LANGUAGE_STANDARD = gnu11;
				GCC_NO_COMMON_BLOCKS = YES;
				GCC_WARN_64_TO_32_BIT_CONVERSION = YES;
				GCC_WARN_ABOUT_RETURN_TYPE = YES_ERROR;
				GCC_WARN_UNDECLARED_SELECTOR = YES;
				GCC_WARN_UNINITIALIZED_AUTOS = YES_AGGRESSIVE;
				GCC_WARN_UNUSED_FUNCTION = YES;
				GCC_WARN_UNUSED_VARIABLE = YES;
				IPHONEOS_DEPLOYMENT_TARGET = 16.0;
				MTL_ENABLE_DEBUG_INFO = NO;
				MTL_FAST_MATH = YES;
				SDKROOT = iphoneos;
				SWIFT_COMPILATION_MODE = wholemodule;
				SWIFT_OPTIMIZATION_LEVEL = "-O";
				VALIDATE_PRODUCT = YES;
			};
			name = Release;
		};
		CB44AAAB2FD8044300D3D7D7 /* Debug */ = {
			isa = XCBuildConfiguration;
			baseConfigurationReference = E1BD85EA8B594DBB9B5DAA11 /* Shared.xcconfig */;
			buildSettings = {
				ASSETCATALOG_COMPILER_APPICON_NAME = AppIcon;
				ASSETCATALOG_COMPILER_GLOBAL_ACCENT_COLOR_NAME = AccentColor;
				CODE_SIGN_ENTITLEMENTS = "CityFit iOS Project/CityFit-iOS-Project.entitlements";
				CODE_SIGN_STYLE = Automatic;
				CURRENT_PROJECT_VERSION = 1;
				DEVELOPMENT_ASSET_PATHS = "\"CityFit iOS Project/Preview Content\"";
				ENABLE_PREVIEWS = YES;
				GENERATE_INFOPLIST_FILE = YES;
				INFOPLIST_FILE = "CityFit-iOS-Project-Info.plist";
				INFOPLIST_KEY_CFBundleDisplayName = CityFit;
				INFOPLIST_KEY_NSCameraUsageDescription = "CityFit uses the camera to detect objects for photo missions.";
				INFOPLIST_KEY_NSHealthShareUsageDescription = "CityFit reads your weight, height, resting heart rate, and active energy from Apple Health to show on your profile.";
				INFOPLIST_KEY_NSHealthUpdateUsageDescription = "CityFit does not write any data to Apple Health.";
				INFOPLIST_KEY_NSLocationAlwaysAndWhenInUseUsageDescription = "CityFit tracks your location during active missions.";
				INFOPLIST_KEY_NSLocationWhenInUseUsageDescription = "CityFit needs your location to show the map and nearby missions.";
				INFOPLIST_KEY_NSMotionUsageDescription = "CityFit uses motion sensors to detect your activity and count steps.";
				INFOPLIST_KEY_UIApplicationSceneManifest_Generation = YES;
				INFOPLIST_KEY_UIApplicationSupportsIndirectInputEvents = YES;
				INFOPLIST_KEY_UILaunchScreen_Generation = YES;
				INFOPLIST_KEY_UISupportedInterfaceOrientations_iPad = "UIInterfaceOrientationPortrait UIInterfaceOrientationPortraitUpsideDown UIInterfaceOrientationLandscapeLeft UIInterfaceOrientationLandscapeRight";
				INFOPLIST_KEY_UISupportedInterfaceOrientations_iPhone = "UIInterfaceOrientationPortrait UIInterfaceOrientationLandscapeLeft UIInterfaceOrientationLandscapeRight";
				LD_RUNPATH_SEARCH_PATHS = (
					"$(inherited)",
					"@executable_path/Frameworks",
				);
				MARKETING_VERSION = 1.0;
				PRODUCT_NAME = "$(TARGET_NAME)";
				SWIFT_EMIT_LOC_STRINGS = YES;
				SWIFT_VERSION = 5.0;
				TARGETED_DEVICE_FAMILY = "1,2";
			};
			name = Debug;
		};
		CB44AAAC2FD8044300D3D7D7 /* Release */ = {
			isa = XCBuildConfiguration;
			baseConfigurationReference = E1BD85EA8B594DBB9B5DAA11 /* Shared.xcconfig */;
			buildSettings = {
				ASSETCATALOG_COMPILER_APPICON_NAME = AppIcon;
				ASSETCATALOG_COMPILER_GLOBAL_ACCENT_COLOR_NAME = AccentColor;
				CODE_SIGN_ENTITLEMENTS = "CityFit iOS Project/CityFit-iOS-Project.entitlements";
				CODE_SIGN_STYLE = Automatic;
				CURRENT_PROJECT_VERSION = 1;
				DEVELOPMENT_ASSET_PATHS = "\"CityFit iOS Project/Preview Content\"";
				ENABLE_PREVIEWS = YES;
				GENERATE_INFOPLIST_FILE = YES;
				INFOPLIST_FILE = "CityFit-iOS-Project-Info.plist";
				INFOPLIST_KEY_CFBundleDisplayName = CityFit;
				INFOPLIST_KEY_NSCameraUsageDescription = "CityFit uses the camera to detect objects for photo missions.";
				INFOPLIST_KEY_NSHealthShareUsageDescription = "CityFit reads your weight, height, resting heart rate, and active energy from Apple Health to show on your profile.";
				INFOPLIST_KEY_NSHealthUpdateUsageDescription = "CityFit does not write any data to Apple Health.";
				INFOPLIST_KEY_NSLocationAlwaysAndWhenInUseUsageDescription = "CityFit tracks your location during active missions.";
				INFOPLIST_KEY_NSLocationWhenInUseUsageDescription = "CityFit needs your location to show the map and nearby missions.";
				INFOPLIST_KEY_NSMotionUsageDescription = "CityFit uses motion sensors to detect your activity and count steps.";
				INFOPLIST_KEY_UIApplicationSceneManifest_Generation = YES;
				INFOPLIST_KEY_UIApplicationSupportsIndirectInputEvents = YES;
				INFOPLIST_KEY_UILaunchScreen_Generation = YES;
				INFOPLIST_KEY_UISupportedInterfaceOrientations_iPad = "UIInterfaceOrientationPortrait UIInterfaceOrientationPortraitUpsideDown UIInterfaceOrientationLandscapeLeft UIInterfaceOrientationLandscapeRight";
				INFOPLIST_KEY_UISupportedInterfaceOrientations_iPhone = "UIInterfaceOrientationPortrait UIInterfaceOrientationLandscapeLeft UIInterfaceOrientationLandscapeRight";
				LD_RUNPATH_SEARCH_PATHS = (
					"$(inherited)",
					"@executable_path/Frameworks",
				);
				MARKETING_VERSION = 1.0;
				PRODUCT_NAME = "$(TARGET_NAME)";
				SWIFT_EMIT_LOC_STRINGS = YES;
				SWIFT_VERSION = 5.0;
				TARGETED_DEVICE_FAMILY = "1,2";
			};
			name = Release;
		};
/* End XCBuildConfiguration section */

/* Begin XCConfigurationList section */
		CB44AA972FD8044100D3D7D7 /* Build configuration list for PBXProject "CityFit iOS Project" */ = {
			isa = XCConfigurationList;
			buildConfigurations = (
				CB44AAA82FD8044300D3D7D7 /* Debug */,
				CB44AAA92FD8044300D3D7D7 /* Release */,
			);
			defaultConfigurationIsVisible = 0;
			defaultConfigurationName = Release;
		};
		CB44AAAA2FD8044300D3D7D7 /* Build configuration list for PBXNativeTarget "CityFit iOS Project" */ = {
			isa = XCConfigurationList;
			buildConfigurations = (
				CB44AAAB2FD8044300D3D7D7 /* Debug */,
				CB44AAAC2FD8044300D3D7D7 /* Release */,
			);
			defaultConfigurationIsVisible = 0;
			defaultConfigurationName = Release;
		};
/* End XCConfigurationList section */

/* Begin XCRemoteSwiftPackageReference section */
		51B161512FE45B9000BF83AA /* XCRemoteSwiftPackageReference "firebase-ios-sdk" */ = {
			isa = XCRemoteSwiftPackageReference;
			repositoryURL = "https://github.com/firebase/firebase-ios-sdk.git";
			requirement = {
				kind = upToNextMajorVersion;
				minimumVersion = 10.18.0;
			};
		};
		51B161592FE4690B00BF83AA /* XCRemoteSwiftPackageReference "GoogleSignIn-iOS" */ = {
			isa = XCRemoteSwiftPackageReference;
			repositoryURL = "https://github.com/google/GoogleSignIn-iOS";
			requirement = {
				kind = exactVersion;
				version = 7.1.0;
			};
		};
		CB7D359F2FECE7540088B0B3 /* XCRemoteSwiftPackageReference "nanopb" */ = {
			isa = XCRemoteSwiftPackageReference;
			repositoryURL = "https://github.com/firebase/nanopb.git";
			requirement = {
				kind = exactVersion;
				version = 2.30910.0;
			};
		};
/* End XCRemoteSwiftPackageReference section */

/* Begin XCSwiftPackageProductDependency section */
		51B161522FE45B9000BF83AA /* FirebaseAuth */ = {
			isa = XCSwiftPackageProductDependency;
			package = 51B161512FE45B9000BF83AA /* XCRemoteSwiftPackageReference "firebase-ios-sdk" */;
			productName = FirebaseAuth;
		};
		51B161542FE45B9000BF83AA /* FirebaseFirestore */ = {
			isa = XCSwiftPackageProductDependency;
			package = 51B161512FE45B9000BF83AA /* XCRemoteSwiftPackageReference "firebase-ios-sdk" */;
			productName = FirebaseFirestore;
		};
		51B1615A2FE4690B00BF83AA /* GoogleSignIn */ = {
			isa = XCSwiftPackageProductDependency;
			package = 51B161592FE4690B00BF83AA /* XCRemoteSwiftPackageReference "GoogleSignIn-iOS" */;
			productName = GoogleSignIn;
		};
		CB7D35A02FECE7540088B0B3 /* nanopb */ = {
			isa = XCSwiftPackageProductDependency;
			package = CB7D359F2FECE7540088B0B3 /* XCRemoteSwiftPackageReference "nanopb" */;
			productName = nanopb;
		};
/* End XCSwiftPackageProductDependency section */
	};
	rootObject = CB44AA942FD8044100D3D7D7 /* Project object */;
}
